
Microsoft Visual Studio Solution File, Format Version 12.00
# Visual Studio Version 17
VisualStudioVersion = 17.0.31903.59
MinimumVisualStudioVersion = 10.0.40219.1
Project("{FAE04EC0-301F-11D3-BF4B-00C04F79EFBC}") = "Answers", "Answers\Answers.csproj", "{1F657624-EC86-4AC2-B538-3E6DFDA5B824}"
EndProject
Project("{FAE04EC0-301F-11D3-BF4B-00C04F79EFBC}") = "ConsoleTest", "ConsoleTest\ConsoleTest.csproj", "{554397E7-297E-4ACE-B796-0B6289BB2D76}"
EndProject
Global
	GlobalSection(SolutionConfigurationPlatforms) = preSolution
		Debug|Any CPU = Debug|Any CPU
		Release|Any CPU = Release|Any CPU
	EndGlobalSection
	GlobalSection(ProjectConfigurationPlatforms) = postSolution
		{1F657624-EC86-4AC2-B538-3E6DFDA5B824}.Debug|Any CPU.ActiveCfg = Debug|Any CPU
		{1F657624-EC86-4AC2-B538-3E6DFDA5B824}.Debug|Any CPU.Build.0 = Debug|Any CPU
		{1F657624-EC86-4AC2-B538-3E6DFDA5B824}.Release|Any CPU.ActiveCfg = Release|Any CPU
		{1F657624-EC86-4AC2-B538-3E6DFDA5B824}.Release|Any CPU.Build.0 = Release|Any CPU
		{554397E7-297E-4ACE-B796-0B6289BB2D76}.Debug|Any CPU.ActiveCfg = Debug|Any CPU
		{554397E7-297E-4ACE-B796-0B6289BB2D76}.Debug|Any CPU.Build.0 = Debug|Any CPU
		{554397E7-297E-4ACE-B796-0B6289BB2D76}.Release|Any CPU.ActiveCfg = Release|Any CPU
		{554397E7-297E-4ACE-B796-0B6289BB2D76}.Release|Any CPU.Build.0 = Release|Any CPU
	EndGlobalSection
	GlobalSection(SolutionProperties) = preSolution
		HideSolutionNode = FALSE
	EndGlobalSection
	GlobalSection(ExtensibilityGlobals) = postSolution
		SolutionGuid = {DB283BE1-6FC9-4ABD-8B70-2EC5C2315FFE}
	EndGlobalSection
EndGlobal
